
Microsoft Visual Studio Solution File, Format Version 12.00
# Visual Studio Version 17
VisualStudioVersion = 17.6.33829.357
MinimumVisualStudioVersion = 10.0.40219.1
Project("{FAE04EC0-301F-11D3-BF4B-00C04F79EFBC}") = "CoffVArt", "CoffVArt\CoffVArt.csproj", "{30FF3AD0-34B8-4826-AA62-345651BD4AEE}"
EndProject
Global
	GlobalSection(SolutionConfigurationPlatforms) = preSolution
		Debug|Any CPU = Debug|Any CPU
		Release|Any CPU = Release|Any CPU
	EndGlobalSection
	GlobalSection(ProjectConfigurationPlatforms) = postSolution
		{30FF3AD0-34B8-4826-AA62-345651BD4AEE}.Debug|Any CPU.ActiveCfg = Debug|Any CPU
		{30FF3AD0-34B8-4826-AA62-345651BD4AEE}.Debug|Any CPU.Build.0 = Debug|Any CPU
		{30FF3AD0-34B8-4826-AA62-345651BD4AEE}.Release|Any CPU.ActiveCfg = Release|Any CPU
		{30FF3AD0-34B8-4826-AA62-345651BD4AEE}.Release|Any CPU.Build.0 = Release|Any CPU
	EndGlobalSection
	GlobalSection(SolutionProperties) = preSolution
		HideSolutionNode = FALSE
	EndGlobalSection
	GlobalSection(ExtensibilityGlobals) = postSolution
		SolutionGuid = {1FE004B3-7060-44BB-A3EE-2DA6F083C051}
	EndGlobalSection
EndGlobal
